
Microsoft Visual Studio Solution File, Format Version 12.00
# Visual Studio Version 17
VisualStudioVersion = 17.3.32929.385
MinimumVisualStudioVersion = 10.0.40219.1
Project("{FAE04EC0-301F-11D3-BF4B-00C04F79EFBC}") = "BLL", "BLL\BLL.csproj", "{F138F837-8727-421D-80E1-A92A372C9A53}"
EndProject
Project("{FAE04EC0-301F-11D3-BF4B-00C04F79EFBC}") = "GUI", "Winform-Login-UI-Design-main\Login Page Design UI\GUI.csproj", "{0B1AE016-C769-4F67-998B-818721407DE2}"
EndProject
Global
	GlobalSection(SolutionConfigurationPlatforms) = preSolution
		Debug|Any CPU = Debug|Any CPU
		Release|Any CPU = Release|Any CPU
	EndGlobalSection
	GlobalSection(ProjectConfigurationPlatforms) = postSolution
		{F138F837-8727-421D-80E1-A92A372C9A53}.Debug|Any CPU.ActiveCfg = Debug|Any CPU
		{F138F837-8727-421D-80E1-A92A372C9A53}.Debug|Any CPU.Build.0 = Debug|Any CPU
		{F138F837-8727-421D-80E1-A92A372C9A53}.Release|Any CPU.ActiveCfg = Release|Any CPU
		{F138F837-8727-421D-80E1-A92A372C9A53}.Release|Any CPU.Build.0 = Release|Any CPU
		{0B1AE016-C769-4F67-998B-818721407DE2}.Debug|Any CPU.ActiveCfg = Debug|Any CPU
		{0B1AE016-C769-4F67-998B-818721407DE2}.Debug|Any CPU.Build.0 = Debug|Any CPU
		{0B1AE016-C769-4F67-998B-818721407DE2}.Release|Any CPU.ActiveCfg = Release|Any CPU
		{0B1AE016-C769-4F67-998B-818721407DE2}.Release|Any CPU.Build.0 = Release|Any CPU
	EndGlobalSection
	GlobalSection(SolutionProperties) = preSolution
		HideSolutionNode = FALSE
	EndGlobalSection
	GlobalSection(ExtensibilityGlobals) = postSolution
		SolutionGuid = {D4932508-B203-436F-B9C3-3DBABBA5CCB2}
	EndGlobalSection
EndGlobal
